
Microsoft Visual Studio Solution File, Format Version 12.00
# Visual Studio Version 17
VisualStudioVersion = 17.0.31808.319
MinimumVisualStudioVersion = 10.0.40219.1
Project("{8BC9CEB8-8B4A-11D0-8D11-00A0C91BC942}") = "ntlmquic", "ntlmquic\ntlmquic.vcxproj", "{B1D29B57-2CC9-4750-BD4D-2B0E63B87151}"
EndProject
Global
	GlobalSection(SolutionConfigurationPlatforms) = preSolution
		Debug|x64 = Debug|x64
		Debug|x86 = Debug|x86
		OpenSSL|x64 = OpenSSL|x64
		OpenSSL|x86 = OpenSSL|x86
		Release|x64 = Release|x64
		Release|x86 = Release|x86
		schannel|x64 = schannel|x64
		schannel|x86 = schannel|x86
	EndGlobalSection
	GlobalSection(ProjectConfigurationPlatforms) = postSolution
		{B1D29B57-2CC9-4750-BD4D-2B0E63B87151}.Debug|x64.ActiveCfg = Debug|x64
		{B1D29B57-2CC9-4750-BD4D-2B0E63B87151}.Debug|x64.Build.0 = Debug|x64
		{B1D29B57-2CC9-4750-BD4D-2B0E63B87151}.Debug|x86.ActiveCfg = Debug|Win32
		{B1D29B57-2CC9-4750-BD4D-2B0E63B87151}.Debug|x86.Build.0 = Debug|Win32
		{B1D29B57-2CC9-4750-BD4D-2B0E63B87151}.OpenSSL|x64.ActiveCfg = OpenSSL|x64
		{B1D29B57-2CC9-4750-BD4D-2B0E63B87151}.OpenSSL|x64.Build.0 = OpenSSL|x64
		{B1D29B57-2CC9-4750-BD4D-2B0E63B87151}.OpenSSL|x86.ActiveCfg = OpenSSL|Win32
		{B1D29B57-2CC9-4750-BD4D-2B0E63B87151}.OpenSSL|x86.Build.0 = OpenSSL|Win32
		{B1D29B57-2CC9-4750-BD4D-2B0E63B87151}.Release|x64.ActiveCfg = Release|x64
		{B1D29B57-2CC9-4750-BD4D-2B0E63B87151}.Release|x64.Build.0 = Release|x64
		{B1D29B57-2CC9-4750-BD4D-2B0E63B87151}.Release|x86.ActiveCfg = Release|Win32
		{B1D29B57-2CC9-4750-BD4D-2B0E63B87151}.Release|x86.Build.0 = Release|Win32
		{B1D29B57-2CC9-4750-BD4D-2B0E63B87151}.schannel|x64.ActiveCfg = schannel|x64
		{B1D29B57-2CC9-4750-BD4D-2B0E63B87151}.schannel|x64.Build.0 = schannel|x64
		{B1D29B57-2CC9-4750-BD4D-2B0E63B87151}.schannel|x86.ActiveCfg = schannel|Win32
		{B1D29B57-2CC9-4750-BD4D-2B0E63B87151}.schannel|x86.Build.0 = schannel|Win32
	EndGlobalSection
	GlobalSection(SolutionProperties) = preSolution
		HideSolutionNode = FALSE
	EndGlobalSection
	GlobalSection(ExtensibilityGlobals) = postSolution
		SolutionGuid = {D0C2A131-55F0-4A69-8CCD-2813A0A21AF1}
	EndGlobalSection
EndGlobal
